{
  "name": "@tytsxai/beacon-code",
  "version": "0.6.12",
  "lockfileVersion": 3,
  "packages": {
    "": {
      "name": "@tytsxai/beacon-code",
      "version": "0.6.12",
      "license": "Apache-2.0",
      "bin": {
        "coder": "bin/coder.js"
      },
      "engines": {
        "node": ">=16"
      },
      "type": "module"
    }
  }
}
